
Microsoft Visual Studio Solution File, Format Version 12.00
# Visual Studio 15
VisualStudioVersion = 15.0.28307.1062
MinimumVisualStudioVersion = 10.0.40219.1
Project("{FAE04EC0-301F-11D3-BF4B-00C04F79EFBC}") = "WebApplication1", "WebApplication1\WebApplication1.csproj", "{DDE82AC0-4EF2-4E78-84D3-3D487D89A09A}"
EndProject
Global
	GlobalSection(SolutionConfigurationPlatforms) = preSolution
		Debug|Any CPU = Debug|Any CPU
		Release|Any CPU = Release|Any CPU
	EndGlobalSection
	GlobalSection(ProjectConfigurationPlatforms) = postSolution
		{DDE82AC0-4EF2-4E78-84D3-3D487D89A09A}.Debug|Any CPU.ActiveCfg = Debug|Any CPU
		{DDE82AC0-4EF2-4E78-84D3-3D487D89A09A}.Debug|Any CPU.Build.0 = Debug|Any CPU
		{DDE82AC0-4EF2-4E78-84D3-3D487D89A09A}.Release|Any CPU.ActiveCfg = Release|Any CPU
		{DDE82AC0-4EF2-4E78-84D3-3D487D89A09A}.Release|Any CPU.Build.0 = Release|Any CPU
	EndGlobalSection
	GlobalSection(SolutionProperties) = preSolution
		HideSolutionNode = FALSE
	EndGlobalSection
	GlobalSection(ExtensibilityGlobals) = postSolution
		SolutionGuid = {E8CAA100-9069-4681-A4B0-8D646A76943A}
	EndGlobalSection
EndGlobal
